
Microsoft Visual Studio Solution File, Format Version 12.00
# Visual Studio 14
VisualStudioVersion = 14.0.25420.1
MinimumVisualStudioVersion = 10.0.40219.1
Project("{FAE04EC0-301F-11D3-BF4B-00C04F79EFBC}") = "Parser", "XMLParser\Parser.csproj", "{449C6283-CDFF-4083-94B5-7B7B199D1EE6}"
EndProject
Project("{FAE04EC0-301F-11D3-BF4B-00C04F79EFBC}") = "SpendingReport", "spending report\SpendingReport.csproj", "{93D0DEB2-71F4-421D-BDF9-9896FAB5D11C}"
	ProjectSection(ProjectDependencies) = postProject
		{3537A5BB-502F-4174-AD6E-FC85B5BE4E6C} = {3537A5BB-502F-4174-AD6E-FC85B5BE4E6C}
	EndProjectSection
EndProject
Project("{2150E333-8FDC-42A3-9474-1A3956D46DE8}") = "reports", "reports", "{23424836-BDCC-428A-9219-B4D9DB8DFF18}"
EndProject
Project("{2150E333-8FDC-42A3-9474-1A3956D46DE8}") = "tb", "tb", "{A9F73FEC-80A8-489D-89C8-EE7A71D365E1}"
	ProjectSection(SolutionItems) = preProject
		reports\tb\download-14.06.2014.xml = reports\tb\download-14.06.2014.xml
		reports\tb\export.csv = reports\tb\export.csv
	EndProjectSection
EndProject
Project("{FAE04EC0-301F-11D3-BF4B-00C04F79EFBC}") = "Parser.Data", "Parser_Data\Parser.Data.csproj", "{11503E12-6E83-475F-9BAF-4A96AAA686FE}"
EndProject
Project("{FAE04EC0-301F-11D3-BF4B-00C04F79EFBC}") = "Services", "Services\Services.csproj", "{3537A5BB-502F-4174-AD6E-FC85B5BE4E6C}"
EndProject
Project("{FAE04EC0-301F-11D3-BF4B-00C04F79EFBC}") = "SpendingReportEntity4", "SpendingReportEntity4\SpendingReportEntity4.csproj", "{8CE47E95-F001-4CBC-82ED-C875695FBB4C}"
EndProject
Project("{FAE04EC0-301F-11D3-BF4B-00C04F79EFBC}") = "SpendingReport.Service.Models", "SpendingReport.Models\SpendingReport.Service.Models.csproj", "{AD3B9B8E-7217-44AF-8657-58CDDAB915DC}"
EndProject
Project("{8BB2217D-0F2D-49D1-97BC-3654ED321F3B}") = "WebApiService", "WebApiService\WebApiService.xproj", "{55904080-9963-4D9A-BE1D-5A804FB2DCCC}"
EndProject
Project("{8BB2217D-0F2D-49D1-97BC-3654ED321F3B}") = "Core.Entities", "Core.Entities\Core.Entities.xproj", "{63F0EABD-7F90-45B2-B365-E25801637948}"
EndProject
Project("{8BB2217D-0F2D-49D1-97BC-3654ED321F3B}") = "WebApiService.netFramework", "WebApiService.netFramework\WebApiService.netFramework.xproj", "{CF909667-1BF0-4FE3-A16A-D2DF0C6B436C}"
EndProject
Project("{FAE04EC0-301F-11D3-BF4B-00C04F79EFBC}") = "Repositories", "Repositories\Repositories.csproj", "{7A39E2AE-1338-4A60-9B8A-5CD9D8BFF459}"
EndProject
Global
	GlobalSection(SolutionConfigurationPlatforms) = preSolution
		Debug|Any CPU = Debug|Any CPU
		Release|Any CPU = Release|Any CPU
	EndGlobalSection
	GlobalSection(ProjectConfigurationPlatforms) = postSolution
		{449C6283-CDFF-4083-94B5-7B7B199D1EE6}.Debug|Any CPU.ActiveCfg = Debug|Any CPU
		{449C6283-CDFF-4083-94B5-7B7B199D1EE6}.Debug|Any CPU.Build.0 = Debug|Any CPU
		{449C6283-CDFF-4083-94B5-7B7B199D1EE6}.Release|Any CPU.ActiveCfg = Release|Any CPU
		{449C6283-CDFF-4083-94B5-7B7B199D1EE6}.Release|Any CPU.Build.0 = Release|Any CPU
		{93D0DEB2-71F4-421D-BDF9-9896FAB5D11C}.Debug|Any CPU.ActiveCfg = Debug|Any CPU
		{93D0DEB2-71F4-421D-BDF9-9896FAB5D11C}.Debug|Any CPU.Build.0 = Debug|Any CPU
		{93D0DEB2-71F4-421D-BDF9-9896FAB5D11C}.Release|Any CPU.ActiveCfg = Release|Any CPU
		{93D0DEB2-71F4-421D-BDF9-9896FAB5D11C}.Release|Any CPU.Build.0 = Release|Any CPU
		{11503E12-6E83-475F-9BAF-4A96AAA686FE}.Debug|Any CPU.ActiveCfg = Debug|Any CPU
		{11503E12-6E83-475F-9BAF-4A96AAA686FE}.Debug|Any CPU.Build.0 = Debug|Any CPU
		{11503E12-6E83-475F-9BAF-4A96AAA686FE}.Release|Any CPU.ActiveCfg = Release|Any CPU
		{11503E12-6E83-475F-9BAF-4A96AAA686FE}.Release|Any CPU.Build.0 = Release|Any CPU
		{3537A5BB-502F-4174-AD6E-FC85B5BE4E6C}.Debug|Any CPU.ActiveCfg = Debug|Any CPU
		{3537A5BB-502F-4174-AD6E-FC85B5BE4E6C}.Debug|Any CPU.Build.0 = Debug|Any CPU
		{3537A5BB-502F-4174-AD6E-FC85B5BE4E6C}.Release|Any CPU.ActiveCfg = Release|Any CPU
		{3537A5BB-502F-4174-AD6E-FC85B5BE4E6C}.Release|Any CPU.Build.0 = Release|Any CPU
		{8CE47E95-F001-4CBC-82ED-C875695FBB4C}.Debug|Any CPU.ActiveCfg = Debug|Any CPU
		{8CE47E95-F001-4CBC-82ED-C875695FBB4C}.Debug|Any CPU.Build.0 = Debug|Any CPU
		{8CE47E95-F001-4CBC-82ED-C875695FBB4C}.Release|Any CPU.ActiveCfg = Release|Any CPU
		{8CE47E95-F001-4CBC-82ED-C875695FBB4C}.Release|Any CPU.Build.0 = Release|Any CPU
		{AD3B9B8E-7217-44AF-8657-58CDDAB915DC}.Debug|Any CPU.ActiveCfg = Debug|Any CPU
		{AD3B9B8E-7217-44AF-8657-58CDDAB915DC}.Debug|Any CPU.Build.0 = Debug|Any CPU
		{AD3B9B8E-7217-44AF-8657-58CDDAB915DC}.Release|Any CPU.ActiveCfg = Release|Any CPU
		{AD3B9B8E-7217-44AF-8657-58CDDAB915DC}.Release|Any CPU.Build.0 = Release|Any CPU
		{55904080-9963-4D9A-BE1D-5A804FB2DCCC}.Debug|Any CPU.ActiveCfg = Debug|Any CPU
		{55904080-9963-4D9A-BE1D-5A804FB2DCCC}.Debug|Any CPU.Build.0 = Debug|Any CPU
		{55904080-9963-4D9A-BE1D-5A804FB2DCCC}.Release|Any CPU.ActiveCfg = Release|Any CPU
		{55904080-9963-4D9A-BE1D-5A804FB2DCCC}.Release|Any CPU.Build.0 = Release|Any CPU
		{63F0EABD-7F90-45B2-B365-E25801637948}.Debug|Any CPU.ActiveCfg = Debug|Any CPU
		{63F0EABD-7F90-45B2-B365-E25801637948}.Debug|Any CPU.Build.0 = Debug|Any CPU
		{63F0EABD-7F90-45B2-B365-E25801637948}.Release|Any CPU.ActiveCfg = Release|Any CPU
		{63F0EABD-7F90-45B2-B365-E25801637948}.Release|Any CPU.Build.0 = Release|Any CPU
		{CF909667-1BF0-4FE3-A16A-D2DF0C6B436C}.Debug|Any CPU.ActiveCfg = Debug|Any CPU
		{CF909667-1BF0-4FE3-A16A-D2DF0C6B436C}.Debug|Any CPU.Build.0 = Debug|Any CPU
		{CF909667-1BF0-4FE3-A16A-D2DF0C6B436C}.Release|Any CPU.ActiveCfg = Release|Any CPU
		{CF909667-1BF0-4FE3-A16A-D2DF0C6B436C}.Release|Any CPU.Build.0 = Release|Any CPU
		{7A39E2AE-1338-4A60-9B8A-5CD9D8BFF459}.Debug|Any CPU.ActiveCfg = Debug|Any CPU
		{7A39E2AE-1338-4A60-9B8A-5CD9D8BFF459}.Debug|Any CPU.Build.0 = Debug|Any CPU
		{7A39E2AE-1338-4A60-9B8A-5CD9D8BFF459}.Release|Any CPU.ActiveCfg = Release|Any CPU
		{7A39E2AE-1338-4A60-9B8A-5CD9D8BFF459}.Release|Any CPU.Build.0 = Release|Any CPU
	EndGlobalSection
	GlobalSection(SolutionProperties) = preSolution
		HideSolutionNode = FALSE
	EndGlobalSection
	GlobalSection(NestedProjects) = preSolution
		{A9F73FEC-80A8-489D-89C8-EE7A71D365E1} = {23424836-BDCC-428A-9219-B4D9DB8DFF18}
	EndGlobalSection
EndGlobal
